// !$*UTF8*$!
{
	archiveVersion = 1;
	classes = {
	};
	objectVersion = 48;
	objects = {

/* Begin PBXBuildFile section */
		E8EDDEF020A5418E00CC8A3F /* AppDelegate.m in Sources */ = {isa = PBXBuildFile; fileRef = E8EDDEEF20A5418E00CC8A3F /* AppDelegate.m */; };
		E8EDDEF320A5418E00CC8A3F /* ViewController.m in Sources */ = {isa = PBXBuildFile; fileRef = E8EDDEF220A5418E00CC8A3F /* ViewController.m */; };
		E8EDDEF620A5418E00CC8A3F /* Main.storyboard in Resources */ = {isa = PBXBuildFile; fileRef = E8EDDEF420A5418E00CC8A3F /* Main.storyboard */; };
		E8EDDEF820A5418E00CC8A3F /* Assets.xcassets in Resources */ = {isa = PBXBuildFile; fileRef = E8EDDEF720A5418E00CC8A3F /* Assets.xcassets */; };
		E8EDDEFB20A5418E00CC8A3F /* LaunchScreen.storyboard in Resources */ = {isa = PBXBuildFile; fileRef = E8EDDEF920A5418E00CC8A3F /* LaunchScreen.storyboard */; };
		E8EDDEFE20A5418E00CC8A3F /* main.m in Sources */ = {isa = PBXBuildFile; fileRef = E8EDDEFD20A5418E00CC8A3F /* main.m */; };
		E8EDDF0820A5418F00CC8A3F /* SpeedScaleTests.m in Sources */ = {isa = PBXBuildFile; fileRef = E8EDDF0720A5418F00CC8A3F /* SpeedScaleTests.m */; };
		E8EDDF1320A5418F00CC8A3F /* SpeedScaleUITests.m in Sources */ = {isa = PBXBuildFile; fileRef = E8EDDF1220A5418F00CC8A3F /* SpeedScaleUITests.m */; };
		E8EDDF2E20A584F600CC8A3F /* LRCircleProgress.m in Sources */ = {isa = PBXBuildFile; fileRef = E8EDDF2D20A584F600CC8A3F /* LRCircleProgress.m */; };
/* End PBXBuildFile section */

/* Begin PBXContainerItemProxy section */
		E8EDDF0420A5418F00CC8A3F /* PBXContainerItemProxy */ = {
			isa = PBXContainerItemProxy;
			containerPortal = E8EDDEE320A5418E00CC8A3F /* Project object */;
			proxyType = 1;
			remoteGlobalIDString = E8EDDEEA20A5418E00CC8A3F;
			remoteInfo = SpeedScale;
		};
		E8EDDF0F20A5418F00CC8A3F /* PBXContainerItemProxy */ = {
			isa = PBXContainerItemProxy;
			containerPortal = E8EDDEE320A5418E00CC8A3F /* Project object */;
			proxyType = 1;
			remoteGlobalIDString = E8EDDEEA20A5418E00CC8A3F;
			remoteInfo = SpeedScale;
		};
/* End PBXContainerItemProxy section */

/* Begin PBXFileReference section */
		E8EDDEEB20A5418E00CC8A3F /* SpeedScale.app */ = {isa = PBXFileReference; explicitFileType = wrapper.application; includeInIndex = 0; path = SpeedScale.app; sourceTree = BUILT_PRODUCTS_DIR; };
		E8EDDEEE20A5418E00CC8A3F /* AppDelegate.h */ = {isa = PBXFileReference; lastKnownFileType = sourcecode.c.h; path = AppDelegate.h; sourceTree = "<group>"; };
		E8EDDEEF20A5418E00CC8A3F /* AppDelegate.m */ = {isa = PBXFileReference; lastKnownFileType = sourcecode.c.objc; path = AppDelegate.m; sourceTree = "<group>"; };
		E8EDDEF120A5418E00CC8A3F /* ViewController.h */ = {isa = PBXFileReference; lastKnownFileType = sourcecode.c.h; path = ViewController.h; sourceTree = "<group>"; };
		E8EDDEF220A5418E00CC8A3F /* ViewController.m */ = {isa = PBXFileReference; lastKnownFileType = sourcecode.c.objc; path = ViewController.m; sourceTree = "<group>"; };
		E8EDDEF520A5418E00CC8A3F /* Base */ = {isa = PBXFileReference; lastKnownFileType = file.storyboard; name = Base; path = Base.lproj/Main.storyboard; sourceTree = "<group>"; };
		E8EDDEF720A5418E00CC8A3F /* Assets.xcassets */ = {isa = PBXFileReference; lastKnownFileType = folder.assetcatalog; path = Assets.xcassets; sourceTree = "<group>"; };
		E8EDDEFA20A5418E00CC8A3F /* Base */ = {isa = PBXFileReference; lastKnownFileType = file.storyboard; name = Base; path = Base.lproj/LaunchScreen.storyboard; sourceTree = "<group>"; };
		E8EDDEFC20A5418E00CC8A3F /* Info.plist */ = {isa = PBXFileReference; lastKnownFileType = text.plist.xml; path = Info.plist; sourceTree = "<group>"; };
		E8EDDEFD20A5418E00CC8A3F /* main.m */ = {isa = PBXFileReference; lastKnownFileType = sourcecode.c.objc; path = main.m; sourceTree = "<group>"; };
		E8EDDF0320A5418F00CC8A3F /* SpeedScaleTests.xctest */ = {isa = PBXFileReference; explicitFileType = wrapper.cfbundle; includeInIndex = 0; path = SpeedScaleTests.xctest; sourceTree = BUILT_PRODUCTS_DIR; };
		E8EDDF0720A5418F00CC8A3F /* SpeedScaleTests.m */ = {isa = PBXFileReference; lastKnownFileType = sourcecode.c.objc; path = SpeedScaleTests.m; sourceTree = "<group>"; };
		E8EDDF0920A5418F00CC8A3F /* Info.plist */ = {isa = PBXFileReference; lastKnownFileType = text.plist.xml; path = Info.plist; sourceTree = "<group>"; };
		E8EDDF0E20A5418F00CC8A3F /* SpeedScaleUITests.xctest */ = {isa = PBXFileReference; explicitFileType = wrapper.cfbundle; includeInIndex = 0; path = SpeedScaleUITests.xctest; sourceTree = BUILT_PRODUCTS_DIR; };
		E8EDDF1220A5418F00CC8A3F /* SpeedScaleUITests.m */ = {isa = PBXFileReference; lastKnownFileType = sourcecode.c.objc; path = SpeedScaleUITests.m; sourceTree = "<group>"; };
		E8EDDF1420A5418F00CC8A3F /* Info.plist */ = {isa = PBXFileReference; lastKnownFileType = text.plist.xml; path = Info.plist; sourceTree = "<group>"; };
		E8EDDF2C20A584F600CC8A3F /* LRCircleProgress.h */ = {isa = PBXFileReference; lastKnownFileType = sourcecode.c.h; path = LRCircleProgress.h; sourceTree = "<group>"; };
		E8EDDF2D20A584F600CC8A3F /* LRCircleProgress.m */ = {isa = PBXFileReference; lastKnownFileType = sourcecode.c.objc; path = LRCircleProgress.m; sourceTree = "<group>"; };
/* End PBXFileReference section */

/* Begin PBXFrameworksBuildPhase section */
		E8EDDEE820A5418E00CC8A3F /* Frameworks */ = {
			isa = PBXFrameworksBuildPhase;
			buildActionMask = 2147483647;
			files = (
			);
			runOnlyForDeploymentPostprocessing = 0;
		};
		E8EDDF0020A5418F00CC8A3F /* Frameworks */ = {
			isa = PBXFrameworksBuildPhase;
			buildActionMask = 2147483647;
			files = (
			);
			runOnlyForDeploymentPostprocessing = 0;
		};
		E8EDDF0B20A5418F00CC8A3F /* Frameworks */ = {
			isa = PBXFrameworksBuildPhase;
			buildActionMask = 2147483647;
			files = (
			);
			runOnlyForDeploymentPostprocessing = 0;
		};
/* End PBXFrameworksBuildPhase section */

/* Begin PBXGroup section */
		E8EDDEE220A5418E00CC8A3F = {
			isa = PBXGroup;
			children = (
				E8EDDEED20A5418E00CC8A3F /* SpeedScale */,
				E8EDDF0620A5418F00CC8A3F /* SpeedScaleTests */,
				E8EDDF1120A5418F00CC8A3F /* SpeedScaleUITests */,
				E8EDDEEC20A5418E00CC8A3F /* Products */,
			);
			sourceTree = "<group>";
		};
		E8EDDEEC20A5418E00CC8A3F /* Products */ = {
			isa = PBXGroup;
			children = (
				E8EDDEEB20A5418E00CC8A3F /* SpeedScale.app */,
				E8EDDF0320A5418F00CC8A3F /* SpeedScaleTests.xctest */,
				E8EDDF0E20A5418F00CC8A3F /* SpeedScaleUITests.xctest */,
			);
			name = Products;
			sourceTree = "<group>";
		};
		E8EDDEED20A5418E00CC8A3F /* SpeedScale */ = {
			isa = PBXGroup;
			children = (
				E8EDDF2B20A584DC00CC8A3F /* LRCircleProgress */,
				E8EDDEEE20A5418E00CC8A3F /* AppDelegate.h */,
				E8EDDEEF20A5418E00CC8A3F /* AppDelegate.m */,
				E8EDDEF120A5418E00CC8A3F /* ViewController.h */,
				E8EDDEF220A5418E00CC8A3F /* ViewController.m */,
				E8EDDEF420A5418E00CC8A3F /* Main.storyboard */,
				E8EDDEF720A5418E00CC8A3F /* Assets.xcassets */,
				E8EDDEF920A5418E00CC8A3F /* LaunchScreen.storyboard */,
				E8EDDEFC20A5418E00CC8A3F /* Info.plist */,
				E8EDDEFD20A5418E00CC8A3F /* main.m */,
			);
			path = SpeedScale;
			sourceTree = "<group>";
		};
		E8EDDF0620A5418F00CC8A3F /* SpeedScaleTests */ = {
			isa = PBXGroup;
			children = (
				E8EDDF0720A5418F00CC8A3F /* SpeedScaleTests.m */,
				E8EDDF0920A5418F00CC8A3F /* Info.plist */,
			);
			path = SpeedScaleTests;
			sourceTree = "<group>";
		};
		E8EDDF1120A5418F00CC8A3F /* SpeedScaleUITests */ = {
			isa = PBXGroup;
			children = (
				E8EDDF1220A5418F00CC8A3F /* SpeedScaleUITests.m */,
				E8EDDF1420A5418F00CC8A3F /* Info.plist */,
			);
			path = SpeedScaleUITests;
			sourceTree = "<group>";
		};
		E8EDDF2B20A584DC00CC8A3F /* LRCircleProgress */ = {
			isa = PBXGroup;
			children = (
				E8EDDF2C20A584F600CC8A3F /* LRCircleProgress.h */,
				E8EDDF2D20A584F600CC8A3F /* LRCircleProgress.m */,
			);
			path = LRCircleProgress;
			sourceTree = "<group>";
		};
/* End PBXGroup section */

/* Begin PBXNativeTarget section */
		E8EDDEEA20A5418E00CC8A3F /* SpeedScale */ = {
			isa = PBXNativeTarget;
			buildConfigurationList = E8EDDF1720A5418F00CC8A3F /* Build configuration list for PBXNativeTarget "SpeedScale" */;
			buildPhases = (
				E8EDDEE720A5418E00CC8A3F /* Sources */,
				E8EDDEE820A5418E00CC8A3F /* Frameworks */,
				E8EDDEE920A5418E00CC8A3F /* Resources */,
			);
			buildRules = (
			);
			dependencies = (
			);
			name = SpeedScale;
			productName = SpeedScale;
			productReference = E8EDDEEB20A5418E00CC8A3F /* SpeedScale.app */;
			productType = "com.apple.product-type.application";
		};
		E8EDDF0220A5418F00CC8A3F /* SpeedScaleTests */ = {
			isa = PBXNativeTarget;
			buildConfigurationList = E8EDDF1A20A5418F00CC8A3F /* Build configuration list for PBXNativeTarget "SpeedScaleTests" */;
			buildPhases = (
				E8EDDEFF20A5418F00CC8A3F /* Sources */,
				E8EDDF0020A5418F00CC8A3F /* Frameworks */,
				E8EDDF0120A5418F00CC8A3F /* Resources */,
			);
			buildRules = (
			);
			dependencies = (
				E8EDDF0520A5418F00CC8A3F /* PBXTargetDependency */,
			);
			name = SpeedScaleTests;
			productName = SpeedScaleTests;
			productReference = E8EDDF0320A5418F00CC8A3F /* SpeedScaleTests.xctest */;
			productType = "com.apple.product-type.bundle.unit-test";
		};
		E8EDDF0D20A5418F00CC8A3F /* SpeedScaleUITests */ = {
			isa = PBXNativeTarget;
			buildConfigurationList = E8EDDF1D20A5418F00CC8A3F /* Build configuration list for PBXNativeTarget "SpeedScaleUITests" */;
			buildPhases = (
				E8EDDF0A20A5418F00CC8A3F /* Sources */,
				E8EDDF0B20A5418F00CC8A3F /* Frameworks */,
				E8EDDF0C20A5418F00CC8A3F /* Resources */,
			);
			buildRules = (
			);
			dependencies = (
				E8EDDF1020A5418F00CC8A3F /* PBXTargetDependency */,
			);
			name = SpeedScaleUITests;
			productName = SpeedScaleUITests;
			productReference = E8EDDF0E20A5418F00CC8A3F /* SpeedScaleUITests.xctest */;
			productType = "com.apple.product-type.bundle.ui-testing";
		};
/* End PBXNativeTarget section */

/* Begin PBXProject section */
		E8EDDEE320A5418E00CC8A3F /* Project object */ = {
			isa = PBXProject;
			attributes = {
				LastUpgradeCheck = 0920;
				ORGANIZATIONNAME = luris;
				TargetAttributes = {
					E8EDDEEA20A5418E00CC8A3F = {
						CreatedOnToolsVersion = 9.2;
						ProvisioningStyle = Automatic;
					};
					E8EDDF0220A5418F00CC8A3F = {
						CreatedOnToolsVersion = 9.2;
						ProvisioningStyle = Automatic;
						TestTargetID = E8EDDEEA20A5418E00CC8A3F;
					};
					E8EDDF0D20A5418F00CC8A3F = {
						CreatedOnToolsVersion = 9.2;
						ProvisioningStyle = Automatic;
						TestTargetID = E8EDDEEA20A5418E00CC8A3F;
					};
				};
			};
			buildConfigurationList = E8EDDEE620A5418E00CC8A3F /* Build configuration list for PBXProject "SpeedScale" */;
			compatibilityVersion = "Xcode 8.0";
			developmentRegion = en;
			hasScannedForEncodings = 0;
			knownRegions = (
				en,
				Base,
			);
			mainGroup = E8EDDEE220A5418E00CC8A3F;
			productRefGroup = E8EDDEEC20A5418E00CC8A3F /* Products */;
			projectDirPath = "";
			projectRoot = "";
			targets = (
				E8EDDEEA20A5418E00CC8A3F /* SpeedScale */,
				E8EDDF0220A5418F00CC8A3F /* SpeedScaleTests */,
				E8EDDF0D20A5418F00CC8A3F /* SpeedScaleUITests */,
			);
		};
/* End PBXProject section */

/* Begin PBXResourcesBuildPhase section */
		E8EDDEE920A5418E00CC8A3F /* Resources */ = {
			isa = PBXResourcesBuildPhase;
			buildActionMask = 2147483647;
			files = (
				E8EDDEFB20A5418E00CC8A3F /* LaunchScreen.storyboard in Resources */,
				E8EDDEF820A5418E00CC8A3F /* Assets.xcassets in Resources */,
				E8EDDEF620A5418E00CC8A3F /* Main.storyboard in Resources */,
			);
			runOnlyForDeploymentPostprocessing = 0;
		};
		E8EDDF0120A5418F00CC8A3F /* Resources */ = {
			isa = PBXResourcesBuildPhase;
			buildActionMask = 2147483647;
			files = (
			);
			runOnlyForDeploymentPostprocessing = 0;
		};
		E8EDDF0C20A5418F00CC8A3F /* Resources */ = {
			isa = PBXResourcesBuildPhase;
			buildActionMask = 2147483647;
			files = (
			);
			runOnlyForDeploymentPostprocessing = 0;
		};
/* End PBXResourcesBuildPhase section */

/* Begin PBXSourcesBuildPhase section */
		E8EDDEE720A5418E00CC8A3F /* Sources */ = {
			isa = PBXSourcesBuildPhase;
			buildActionMask = 2147483647;
			files = (
				E8EDDEF320A5418E00CC8A3F /* ViewController.m in Sources */,
				E8EDDF2E20A584F600CC8A3F /* LRCircleProgress.m in Sources */,
				E8EDDEFE20A5418E00CC8A3F /* main.m in Sources */,
				E8EDDEF020A5418E00CC8A3F /* AppDelegate.m in Sources */,
			);
			runOnlyForDeploymentPostprocessing = 0;
		};
		E8EDDEFF20A5418F00CC8A3F /* Sources */ = {
			isa = PBXSourcesBuildPhase;
			buildActionMask = 2147483647;
			files = (
				E8EDDF0820A5418F00CC8A3F /* SpeedScaleTests.m in Sources */,
			);
			runOnlyForDeploymentPostprocessing = 0;
		};
		E8EDDF0A20A5418F00CC8A3F /* Sources */ = {
			isa = PBXSourcesBuildPhase;
			buildActionMask = 2147483647;
			files = (
				E8EDDF1320A5418F00CC8A3F /* SpeedScaleUITests.m in Sources */,
			);
			runOnlyForDeploymentPostprocessing = 0;
		};
/* End PBXSourcesBuildPhase section */

/* Begin PBXTargetDependency section */
		E8EDDF0520A5418F00CC8A3F /* PBXTargetDependency */ = {
			isa = PBXTargetDependency;
			target = E8EDDEEA20A5418E00CC8A3F /* SpeedScale */;
			targetProxy = E8EDDF0420A5418F00CC8A3F /* PBXContainerItemProxy */;
		};
		E8EDDF1020A5418F00CC8A3F /* PBXTargetDependency */ = {
			isa = PBXTargetDependency;
			target = E8EDDEEA20A5418E00CC8A3F /* SpeedScale */;
			targetProxy = E8EDDF0F20A5418F00CC8A3F /* PBXContainerItemProxy */;
		};
/* End PBXTargetDependency section */

/* Begin PBXVariantGroup section */
		E8EDDEF420A5418E00CC8A3F /* Main.storyboard */ = {
			isa = PBXVariantGroup;
			children = (
				E8EDDEF520A5418E00CC8A3F /* Base */,
			);
			name = Main.storyboard;
			sourceTree = "<group>";
		};
		E8EDDEF920A5418E00CC8A3F /* LaunchScreen.storyboard */ = {
			isa = PBXVariantGroup;
			children = (
				E8EDDEFA20A5418E00CC8A3F /* Base */,
			);
			name = LaunchScreen.storyboard;
			sourceTree = "<group>";
		};
/* End PBXVariantGroup section */

/* Begin XCBuildConfiguration section */
		E8EDDF1520A5418F00CC8A3F /* Debug */ = {
			isa = XCBuildConfiguration;
			buildSettings = {
				ALWAYS_SEARCH_USER_PATHS = NO;
				CLANG_ANALYZER_NONNULL = YES;
				CLANG_ANALYZER_NUMBER_OBJECT_CONVERSION = YES_AGGRESSIVE;
				CLANG_CXX_LANGUAGE_STANDARD = "gnu++14";
				CLANG_CXX_LIBRARY = "libc++";
				CLANG_ENABLE_MODULES = YES;
				CLANG_ENABLE_OBJC_ARC = YES;
				CLANG_WARN_BLOCK_CAPTURE_AUTORELEASING = YES;
				CLANG_WARN_BOOL_CONVERSION = YES;
				CLANG_WARN_COMMA = YES;
				CLANG_WARN_CONSTANT_CONVERSION = YES;
				CLANG_WARN_DIRECT_OBJC_ISA_USAGE = YES_ERROR;
				CLANG_WARN_DOCUMENTATION_COMMENTS = YES;
				CLANG_WARN_EMPTY_BODY = YES;
				CLANG_WARN_ENUM_CONVERSION = YES;
				CLANG_WARN_INFINITE_RECURSION = YES;
				CLANG_WARN_INT_CONVERSION = YES;
				CLANG_WARN_NON_LITERAL_NULL_CONVERSION = YES;
				CLANG_WARN_OBJC_LITERAL_CONVERSION = YES;
				CLANG_WARN_OBJC_ROOT_CLASS = YES_ERROR;
				CLANG_WARN_RANGE_LOOP_ANALYSIS = YES;
				CLANG_WARN_STRICT_PROTOTYPES = YES;
				CLANG_WARN_SUSPICIOUS_MOVE = YES;
				CLANG_WARN_UNGUARDED_AVAILABILITY = YES_AGGRESSIVE;
				CLANG_WARN_UNREACHABLE_CODE = YES;
				CLANG_WARN__DUPLICATE_METHOD_MATCH = YES;
				CODE_SIGN_IDENTITY = "iPhone Developer";
				COPY_PHASE_STRIP = NO;
				DEBUG_INFORMATION_FORMAT = dwarf;
				ENABLE_STRICT_OBJC_MSGSEND = YES;
				ENABLE_TESTABILITY = YES;
				GCC_C_LANGUAGE_STANDARD = gnu11;
				GCC_DYNAMIC_NO_PIC = NO;
				GCC_NO_COMMON_BLOCKS = YES;
				GCC_OPTIMIZATION_LEVEL = 0;
				GCC_PREPROCESSOR_DEFINITIONS = (
					"DEBUG=1",
					"$(inherited)",
				);
				GCC_WARN_64_TO_32_BIT_CONVERSION = YES;
				GCC_WARN_ABOUT_RETURN_TYPE = YES_ERROR;
				GCC_WARN_UNDECLARED_SELECTOR = YES;
				GCC_WARN_UNINITIALIZED_AUTOS = YES_AGGRESSIVE;
				GCC_WARN_UNUSED_FUNCTION = YES;
				GCC_WARN_UNUSED_VARIABLE = YES;
				IPHONEOS_DEPLOYMENT_TARGET = 11.2;
				MTL_ENABLE_DEBUG_INFO = YES;
				ONLY_ACTIVE_ARCH = YES;
				SDKROOT = iphoneos;
			};
			name = Debug;
		};
		E8EDDF1620A5418F00CC8A3F /* Release */ = {
			isa = XCBuildConfiguration;
			buildSettings = {
				ALWAYS_SEARCH_USER_PATHS = NO;
				CLANG_ANALYZER_NONNULL = YES;
				CLANG_ANALYZER_NUMBER_OBJECT_CONVERSION = YES_AGGRESSIVE;
				CLANG_CXX_LANGUAGE_STANDARD = "gnu++14";
				CLANG_CXX_LIBRARY = "libc++";
				CLANG_ENABLE_MODULES = YES;
				CLANG_ENABLE_OBJC_ARC = YES;
				CLANG_WARN_BLOCK_CAPTURE_AUTORELEASING = YES;
				CLANG_WARN_BOOL_CONVERSION = YES;
				CLANG_WARN_COMMA = YES;
				CLANG_WARN_CONSTANT_CONVERSION = YES;
				CLANG_WARN_DIRECT_OBJC_ISA_USAGE = YES_ERROR;
				CLANG_WARN_DOCUMENTATION_COMMENTS = YES;
				CLANG_WARN_EMPTY_BODY = YES;
				CLANG_WARN_ENUM_CONVERSION = YES;
				CLANG_WARN_INFINITE_RECURSION = YES;
				CLANG_WARN_INT_CONVERSION = YES;
				CLANG_WARN_NON_LITERAL_NULL_CONVERSION = YES;
				CLANG_WARN_OBJC_LITERAL_CONVERSION = YES;
				CLANG_WARN_OBJC_ROOT_CLASS = YES_ERROR;
				CLANG_WARN_RANGE_LOOP_ANALYSIS = YES;
				CLANG_WARN_STRICT_PROTOTYPES = YES;
				CLANG_WARN_SUSPICIOUS_MOVE = YES;
				CLANG_WARN_UNGUARDED_AVAILABILITY = YES_AGGRESSIVE;
				CLANG_WARN_UNREACHABLE_CODE = YES;
				CLANG_WARN__DUPLICATE_METHOD_MATCH = YES;
				CODE_SIGN_IDENTITY = "iPhone Developer";
				COPY_PHASE_STRIP = NO;
				DEBUG_INFORMATION_FORMAT = "dwarf-with-dsym";
				ENABLE_NS_ASSERTIONS = NO;
				ENABLE_STRICT_OBJC_MSGSEND = YES;
				GCC_C_LANGUAGE_STANDARD = gnu11;
				GCC_NO_COMMON_BLOCKS = YES;
				GCC_WARN_64_TO_32_BIT_CONVERSION = YES;
				GCC_WARN_ABOUT_RETURN_TYPE = YES_ERROR;
				GCC_WARN_UNDECLARED_SELECTOR = YES;
				GCC_WARN_UNINITIALIZED_AUTOS = YES_AGGRESSIVE;
				GCC_WARN_UNUSED_FUNCTION = YES;
				GCC_WARN_UNUSED_VARIABLE = YES;
				IPHONEOS_DEPLOYMENT_TARGET = 11.2;
				MTL_ENABLE_DEBUG_INFO = NO;
				SDKROOT = iphoneos;
				VALIDATE_PRODUCT = YES;
			};
			name = Release;
		};
		E8EDDF1820A5418F00CC8A3F /* Debug */ = {
			isa = XCBuildConfiguration;
			buildSettings = {
				ASSETCATALOG_COMPILER_APPICON_NAME = AppIcon;
				CODE_SIGN_STYLE = Automatic;
				DEVELOPMENT_TEAM = 6Q5G7EZZR8;
				INFOPLIST_FILE = SpeedScale/Info.plist;
				LD_RUNPATH_SEARCH_PATHS = "$(inherited) @executable_path/Frameworks";
				PRODUCT_BUNDLE_IDENTIFIER = com.luris.SpeedScale;
				PRODUCT_NAME = "$(TARGET_NAME)";
				TARGETED_DEVICE_FAMILY = "1,2";
			};
			name = Debug;
		};
		E8EDDF1920A5418F00CC8A3F /* Release */ = {
			isa = XCBuildConfiguration;
			buildSettings = {
				ASSETCATALOG_COMPILER_APPICON_NAME = AppIcon;
				CODE_SIGN_STYLE = Automatic;
				DEVELOPMENT_TEAM = 6Q5G7EZZR8;
				INFOPLIST_FILE = SpeedScale/Info.plist;
				LD_RUNPATH_SEARCH_PATHS = "$(inherited) @executable_path/Frameworks";
				PRODUCT_BUNDLE_IDENTIFIER = com.luris.SpeedScale;
				PRODUCT_NAME = "$(TARGET_NAME)";
				TARGETED_DEVICE_FAMILY = "1,2";
			};
			name = Release;
		};
		E8EDDF1B20A5418F00CC8A3F /* Debug */ = {
			isa = XCBuildConfiguration;
			buildSettings = {
				BUNDLE_LOADER = "$(TEST_HOST)";
				CODE_SIGN_STYLE = Automatic;
				DEVELOPMENT_TEAM = 6Q5G7EZZR8;
				INFOPLIST_FILE = SpeedScaleTests/Info.plist;
				LD_RUNPATH_SEARCH_PATHS = "$(inherited) @executable_path/Frameworks @loader_path/Frameworks";
				PRODUCT_BUNDLE_IDENTIFIER = com.luris.SpeedScaleTests;
				PRODUCT_NAME = "$(TARGET_NAME)";
				TARGETED_DEVICE_FAMILY = "1,2";
				TEST_HOST = "$(BUILT_PRODUCTS_DIR)/SpeedScale.app/SpeedScale";
			};
			name = Debug;
		};
		E8EDDF1C20A5418F00CC8A3F /* Release */ = {
			isa = XCBuildConfiguration;
			buildSettings = {
				BUNDLE_LOADER = "$(TEST_HOST)";
				CODE_SIGN_STYLE = Automatic;
				DEVELOPMENT_TEAM = 6Q5G7EZZR8;
				INFOPLIST_FILE = SpeedScaleTests/Info.plist;
				LD_RUNPATH_SEARCH_PATHS = "$(inherited) @executable_path/Frameworks @loader_path/Frameworks";
				PRODUCT_BUNDLE_IDENTIFIER = com.luris.SpeedScaleTests;
				PRODUCT_NAME = "$(TARGET_NAME)";
				TARGETED_DEVICE_FAMILY = "1,2";
				TEST_HOST = "$(BUILT_PRODUCTS_DIR)/SpeedScale.app/SpeedScale";
			};
			name = Release;
		};
		E8EDDF1E20A5418F00CC8A3F /* Debug */ = {
			isa = XCBuildConfiguration;
			buildSettings = {
				CODE_SIGN_STYLE = Automatic;
				DEVELOPMENT_TEAM = 6Q5G7EZZR8;
				INFOPLIST_FILE = SpeedScaleUITests/Info.plist;
				LD_RUNPATH_SEARCH_PATHS = "$(inherited) @executable_path/Frameworks @loader_path/Frameworks";
				PRODUCT_BUNDLE_IDENTIFIER = com.luris.SpeedScaleUITests;
				PRODUCT_NAME = "$(TARGET_NAME)";
				TARGETED_DEVICE_FAMILY = "1,2";
				TEST_TARGET_NAME = SpeedScale;
			};
			name = Debug;
		};
		E8EDDF1F20A5418F00CC8A3F /* Release */ = {
			isa = XCBuildConfiguration;
			buildSettings = {
				CODE_SIGN_STYLE = Automatic;
				DEVELOPMENT_TEAM = 6Q5G7EZZR8;
				INFOPLIST_FILE = SpeedScaleUITests/Info.plist;
				LD_RUNPATH_SEARCH_PATHS = "$(inherited) @executable_path/Frameworks @loader_path/Frameworks";
				PRODUCT_BUNDLE_IDENTIFIER = com.luris.SpeedScaleUITests;
				PRODUCT_NAME = "$(TARGET_NAME)";
				TARGETED_DEVICE_FAMILY = "1,2";
				TEST_TARGET_NAME = SpeedScale;
			};
			name = Release;
		};
/* End XCBuildConfiguration section */

/* Begin XCConfigurationList section */
		E8EDDEE620A5418E00CC8A3F /* Build configuration list for PBXProject "SpeedScale" */ = {
			isa = XCConfigurationList;
			buildConfigurations = (
				E8EDDF1520A5418F00CC8A3F /* Debug */,
				E8EDDF1620A5418F00CC8A3F /* Release */,
			);
			defaultConfigurationIsVisible = 0;
			defaultConfigurationName = Release;
		};
		E8EDDF1720A5418F00CC8A3F /* Build configuration list for PBXNativeTarget "SpeedScale" */ = {
			isa = XCConfigurationList;
			buildConfigurations = (
				E8EDDF1820A5418F00CC8A3F /* Debug */,
				E8EDDF1920A5418F00CC8A3F /* Release */,
			);
			defaultConfigurationIsVisible = 0;
			defaultConfigurationName = Release;
		};
		E8EDDF1A20A5418F00CC8A3F /* Build configuration list for PBXNativeTarget "SpeedScaleTests" */ = {
			isa = XCConfigurationList;
			buildConfigurations = (
				E8EDDF1B20A5418F00CC8A3F /* Debug */,
				E8EDDF1C20A5418F00CC8A3F /* Release */,
			);
			defaultConfigurationIsVisible = 0;
			defaultConfigurationName = Release;
		};
		E8EDDF1D20A5418F00CC8A3F /* Build configuration list for PBXNativeTarget "SpeedScaleUITests" */ = {
			isa = XCConfigurationList;
			buildConfigurations = (
				E8EDDF1E20A5418F00CC8A3F /* Debug */,
				E8EDDF1F20A5418F00CC8A3F /* Release */,
			);
			defaultConfigurationIsVisible = 0;
			defaultConfigurationName = Release;
		};
/* End XCConfigurationList section */
	};
	rootObject = E8EDDEE320A5418E00CC8A3F /* Project object */;
}
